
Microsoft Visual Studio Solution File, Format Version 11.00
# Visual C++ Express 2010
Project("{8BC9CEB8-8B4A-11D0-8D11-00A0C91BC942}") = "Fiber", "Fiber\Fiber.vcxproj", "{5CC85924-6495-49BC-8FEA-81150DC18014}"
EndProject
Global
	GlobalSection(SolutionConfigurationPlatforms) = preSolution
		Debug|Win32 = Debug|Win32
		Release|Win32 = Release|Win32
	EndGlobalSection
	GlobalSection(ProjectConfigurationPlatforms) = postSolution
		{5CC85924-6495-49BC-8FEA-81150DC18014}.Debug|Win32.ActiveCfg = Debug|Win32
		{5CC85924-6495-49BC-8FEA-81150DC18014}.Debug|Win32.Build.0 = Debug|Win32
		{5CC85924-6495-49BC-8FEA-81150DC18014}.Release|Win32.ActiveCfg = Release|Win32
		{5CC85924-6495-49BC-8FEA-81150DC18014}.Release|Win32.Build.0 = Release|Win32
	EndGlobalSection
	GlobalSection(SolutionProperties) = preSolution
		HideSolutionNode = FALSE
	EndGlobalSection
EndGlobal
