
Microsoft Visual Studio Solution File, Format Version 10.00
# Visual Studio 2008
Project("{8BC9CEB8-8B4A-11D0-8D11-00A0C91BC942}") = "multimap", "multimap\multimap.vcproj", "{BCA6B1B2-B9FA-4BD2-BDAB-5D79D9293354}"
EndProject
Global
	GlobalSection(SolutionConfigurationPlatforms) = preSolution
		Debug|Win32 = Debug|Win32
		Release|Win32 = Release|Win32
	EndGlobalSection
	GlobalSection(ProjectConfigurationPlatforms) = postSolution
		{BCA6B1B2-B9FA-4BD2-BDAB-5D79D9293354}.Debug|Win32.ActiveCfg = Debug|Win32
		{BCA6B1B2-B9FA-4BD2-BDAB-5D79D9293354}.Debug|Win32.Build.0 = Debug|Win32
		{BCA6B1B2-B9FA-4BD2-BDAB-5D79D9293354}.Release|Win32.ActiveCfg = Release|Win32
		{BCA6B1B2-B9FA-4BD2-BDAB-5D79D9293354}.Release|Win32.Build.0 = Release|Win32
	EndGlobalSection
	GlobalSection(SolutionProperties) = preSolution
		HideSolutionNode = FALSE
	EndGlobalSection
EndGlobal
