
Microsoft Visual Studio Solution File, Format Version 10.00
# Visual Studio 2008
Project("{8BC9CEB8-8B4A-11D0-8D11-00A0C91BC942}") = "Direct3D10_Skelton", "Direct3D10_Skelton.vcproj", "{90C468AD-6D8D-4045-A470-2650120F6BF6}"
EndProject
Global
	GlobalSection(SolutionConfigurationPlatforms) = preSolution
		Debug|Win32 = Debug|Win32
		Release|Win32 = Release|Win32
	EndGlobalSection
	GlobalSection(ProjectConfigurationPlatforms) = postSolution
		{90C468AD-6D8D-4045-A470-2650120F6BF6}.Debug|Win32.ActiveCfg = Debug|Win32
		{90C468AD-6D8D-4045-A470-2650120F6BF6}.Debug|Win32.Build.0 = Debug|Win32
		{90C468AD-6D8D-4045-A470-2650120F6BF6}.Release|Win32.ActiveCfg = Release|Win32
		{90C468AD-6D8D-4045-A470-2650120F6BF6}.Release|Win32.Build.0 = Release|Win32
	EndGlobalSection
	GlobalSection(SolutionProperties) = preSolution
		HideSolutionNode = FALSE
	EndGlobalSection
EndGlobal
