
Microsoft Visual Studio Solution File, Format Version 11.00
# Visual C++ Express 2010
Project("{8BC9CEB8-8B4A-11D0-8D11-00A0C91BC942}") = "Test", "Test\Test.vcxproj", "{AB06688D-2117-491B-AE08-47594DB57673}"
	ProjectSection(ProjectDependencies) = postProject
		{CFD5F1AC-C9C2-4516-A5B4-97CA8F959205} = {CFD5F1AC-C9C2-4516-A5B4-97CA8F959205}
	EndProjectSection
EndProject
Project("{8BC9CEB8-8B4A-11D0-8D11-00A0C91BC942}") = "Marda", "..\..\msvc\Solution\Marda\Marda.vcxproj", "{CFD5F1AC-C9C2-4516-A5B4-97CA8F959205}"
EndProject
Project("{8BC9CEB8-8B4A-11D0-8D11-00A0C91BC942}") = "Marda_Windows", "..\..\msvc\Solution\Marda_Windows\Marda_Windows.vcxproj", "{9FF83AFE-000B-4648-B0EC-4D1D246D16D3}"
EndProject
Project("{8BC9CEB8-8B4A-11D0-8D11-00A0C91BC942}") = "Test_Windows", "Test_Windows\Test_Windows.vcxproj", "{4BA920B0-7185-4E0D-BFB1-7FF872EFE7DF}"
	ProjectSection(ProjectDependencies) = postProject
		{CFD5F1AC-C9C2-4516-A5B4-97CA8F959205} = {CFD5F1AC-C9C2-4516-A5B4-97CA8F959205}
		{9FF83AFE-000B-4648-B0EC-4D1D246D16D3} = {9FF83AFE-000B-4648-B0EC-4D1D246D16D3}
	EndProjectSection
EndProject
Project("{8BC9CEB8-8B4A-11D0-8D11-00A0C91BC942}") = "Rakugaki_Direct3D10", "Rakugaki_Direct3D10\Rakugaki_Direct3D10.vcxproj", "{D618AAC8-1E81-4066-B40C-6876D2E41825}"
	ProjectSection(ProjectDependencies) = postProject
		{CFD5F1AC-C9C2-4516-A5B4-97CA8F959205} = {CFD5F1AC-C9C2-4516-A5B4-97CA8F959205}
		{9FF83AFE-000B-4648-B0EC-4D1D246D16D3} = {9FF83AFE-000B-4648-B0EC-4D1D246D16D3}
	EndProjectSection
EndProject
Project("{8BC9CEB8-8B4A-11D0-8D11-00A0C91BC942}") = "Rakugaki_Direct3D10_2", "Rakugaki_Direct3D10_2\Rakugaki_Direct3D10_2.vcxproj", "{DC9D61B7-2938-4604-8815-ED823CC211D0}"
	ProjectSection(ProjectDependencies) = postProject
		{B272CBA7-7332-4138-BE61-3B8FA1DE1AFD} = {B272CBA7-7332-4138-BE61-3B8FA1DE1AFD}
		{CFD5F1AC-C9C2-4516-A5B4-97CA8F959205} = {CFD5F1AC-C9C2-4516-A5B4-97CA8F959205}
		{9FF83AFE-000B-4648-B0EC-4D1D246D16D3} = {9FF83AFE-000B-4648-B0EC-4D1D246D16D3}
	EndProjectSection
EndProject
Project("{8BC9CEB8-8B4A-11D0-8D11-00A0C91BC942}") = "Rakugaki_Direct3D10_3", "Rakugaki_Direct3D10_3\Rakugaki_Direct3D10_3.vcxproj", "{D328982A-0E74-4D62-A39B-1A4645660A79}"
	ProjectSection(ProjectDependencies) = postProject
		{B272CBA7-7332-4138-BE61-3B8FA1DE1AFD} = {B272CBA7-7332-4138-BE61-3B8FA1DE1AFD}
		{CFD5F1AC-C9C2-4516-A5B4-97CA8F959205} = {CFD5F1AC-C9C2-4516-A5B4-97CA8F959205}
		{9FF83AFE-000B-4648-B0EC-4D1D246D16D3} = {9FF83AFE-000B-4648-B0EC-4D1D246D16D3}
	EndProjectSection
EndProject
Project("{8BC9CEB8-8B4A-11D0-8D11-00A0C91BC942}") = "Marda_Graphics_Direct3D10", "..\..\msvc\Solution\Marda_Graphics_Direct3D10\Marda_Graphics_Direct3D10.vcxproj", "{B272CBA7-7332-4138-BE61-3B8FA1DE1AFD}"
EndProject
Project("{8BC9CEB8-8B4A-11D0-8D11-00A0C91BC942}") = "Rakugaki_MikuMikuDance_1", "Rakugaki_MikuMikuDance_1\Rakugaki_MikuMikuDance_1.vcxproj", "{A0FC7526-E4D5-4EE9-A837-67A8CFF31B1E}"
	ProjectSection(ProjectDependencies) = postProject
		{B272CBA7-7332-4138-BE61-3B8FA1DE1AFD} = {B272CBA7-7332-4138-BE61-3B8FA1DE1AFD}
		{CFD5F1AC-C9C2-4516-A5B4-97CA8F959205} = {CFD5F1AC-C9C2-4516-A5B4-97CA8F959205}
		{9FF83AFE-000B-4648-B0EC-4D1D246D16D3} = {9FF83AFE-000B-4648-B0EC-4D1D246D16D3}
	EndProjectSection
EndProject
Project("{8BC9CEB8-8B4A-11D0-8D11-00A0C91BC942}") = "Rakugaki_Direct3D10_4", "Rakugaki_Direct3D10_4\Rakugaki_Direct3D10_4.vcxproj", "{25A6370A-D39A-4C14-BD7D-07935F14264D}"
	ProjectSection(ProjectDependencies) = postProject
		{B272CBA7-7332-4138-BE61-3B8FA1DE1AFD} = {B272CBA7-7332-4138-BE61-3B8FA1DE1AFD}
		{CFD5F1AC-C9C2-4516-A5B4-97CA8F959205} = {CFD5F1AC-C9C2-4516-A5B4-97CA8F959205}
		{9FF83AFE-000B-4648-B0EC-4D1D246D16D3} = {9FF83AFE-000B-4648-B0EC-4D1D246D16D3}
	EndProjectSection
EndProject
Project("{8BC9CEB8-8B4A-11D0-8D11-00A0C91BC942}") = "Rakugaki_MikuMikuDance_2", "Rakugaki_MikuMikuDance_2\Rakugaki_MikuMikuDance_2.vcxproj", "{3166A579-CD69-4E27-80EE-00B1EE600120}"
	ProjectSection(ProjectDependencies) = postProject
		{B272CBA7-7332-4138-BE61-3B8FA1DE1AFD} = {B272CBA7-7332-4138-BE61-3B8FA1DE1AFD}
		{CFD5F1AC-C9C2-4516-A5B4-97CA8F959205} = {CFD5F1AC-C9C2-4516-A5B4-97CA8F959205}
		{9FF83AFE-000B-4648-B0EC-4D1D246D16D3} = {9FF83AFE-000B-4648-B0EC-4D1D246D16D3}
	EndProjectSection
EndProject
Project("{8BC9CEB8-8B4A-11D0-8D11-00A0C91BC942}") = "Rakugaki_MikuMikuDance_3", "Rakugaki_MikuMikuDance_3\Rakugaki_MikuMikuDance_3.vcxproj", "{A38D45BD-32CF-441E-B790-411F0103F7C2}"
	ProjectSection(ProjectDependencies) = postProject
		{B272CBA7-7332-4138-BE61-3B8FA1DE1AFD} = {B272CBA7-7332-4138-BE61-3B8FA1DE1AFD}
		{CFD5F1AC-C9C2-4516-A5B4-97CA8F959205} = {CFD5F1AC-C9C2-4516-A5B4-97CA8F959205}
		{9FF83AFE-000B-4648-B0EC-4D1D246D16D3} = {9FF83AFE-000B-4648-B0EC-4D1D246D16D3}
	EndProjectSection
EndProject
Project("{8BC9CEB8-8B4A-11D0-8D11-00A0C91BC942}") = "Rakugaki_MikuMikuDance_4", "Rakugaki_MikuMikuDance_4\Rakugaki_MikuMikuDance_4.vcxproj", "{BC0AE8C6-1456-47E0-B4F0-3EF28422E88F}"
	ProjectSection(ProjectDependencies) = postProject
		{B272CBA7-7332-4138-BE61-3B8FA1DE1AFD} = {B272CBA7-7332-4138-BE61-3B8FA1DE1AFD}
		{CFD5F1AC-C9C2-4516-A5B4-97CA8F959205} = {CFD5F1AC-C9C2-4516-A5B4-97CA8F959205}
		{9FF83AFE-000B-4648-B0EC-4D1D246D16D3} = {9FF83AFE-000B-4648-B0EC-4D1D246D16D3}
	EndProjectSection
EndProject
Project("{8BC9CEB8-8B4A-11D0-8D11-00A0C91BC942}") = "Rakugaki_MikuMikuDance_5", "Rakugaki_MikuMikuDance_5\Rakugaki_MikuMikuDance_5.vcxproj", "{3D36C628-E0AA-4D6D-A337-7C11041D463D}"
	ProjectSection(ProjectDependencies) = postProject
		{B272CBA7-7332-4138-BE61-3B8FA1DE1AFD} = {B272CBA7-7332-4138-BE61-3B8FA1DE1AFD}
		{CFD5F1AC-C9C2-4516-A5B4-97CA8F959205} = {CFD5F1AC-C9C2-4516-A5B4-97CA8F959205}
		{9FF83AFE-000B-4648-B0EC-4D1D246D16D3} = {9FF83AFE-000B-4648-B0EC-4D1D246D16D3}
	EndProjectSection
EndProject
Project("{8BC9CEB8-8B4A-11D0-8D11-00A0C91BC942}") = "Rakugaki_MikuMikuDance_6", "Rakugaki_MikuMikuDance_6\Rakugaki_MikuMikuDance_6.vcxproj", "{619C3868-5839-49C1-9D72-38A796FCC20C}"
	ProjectSection(ProjectDependencies) = postProject
		{B272CBA7-7332-4138-BE61-3B8FA1DE1AFD} = {B272CBA7-7332-4138-BE61-3B8FA1DE1AFD}
		{CFD5F1AC-C9C2-4516-A5B4-97CA8F959205} = {CFD5F1AC-C9C2-4516-A5B4-97CA8F959205}
		{9FF83AFE-000B-4648-B0EC-4D1D246D16D3} = {9FF83AFE-000B-4648-B0EC-4D1D246D16D3}
	EndProjectSection
EndProject
Project("{8BC9CEB8-8B4A-11D0-8D11-00A0C91BC942}") = "Marda_Network", "..\..\msvc\Solution\Marda_Network\Marda_Network.vcxproj", "{2F44CEDC-DA0A-41E3-88E0-EB8CE5386FE6}"
EndProject
Project("{8BC9CEB8-8B4A-11D0-8D11-00A0C91BC942}") = "Test_Network_Client", "Test_Network_Client\Test_Network_Client.vcxproj", "{C3C8233A-6CC9-49A7-B11D-97866C7DCD72}"
	ProjectSection(ProjectDependencies) = postProject
		{CFD5F1AC-C9C2-4516-A5B4-97CA8F959205} = {CFD5F1AC-C9C2-4516-A5B4-97CA8F959205}
		{2F44CEDC-DA0A-41E3-88E0-EB8CE5386FE6} = {2F44CEDC-DA0A-41E3-88E0-EB8CE5386FE6}
	EndProjectSection
EndProject
Project("{8BC9CEB8-8B4A-11D0-8D11-00A0C91BC942}") = "Test_Network_Server", "Test_Network_Server\Test_Network_Server.vcxproj", "{060EA4C3-18B0-4AC8-ACA5-F51D32F4EE0D}"
	ProjectSection(ProjectDependencies) = postProject
		{CFD5F1AC-C9C2-4516-A5B4-97CA8F959205} = {CFD5F1AC-C9C2-4516-A5B4-97CA8F959205}
		{2F44CEDC-DA0A-41E3-88E0-EB8CE5386FE6} = {2F44CEDC-DA0A-41E3-88E0-EB8CE5386FE6}
	EndProjectSection
EndProject
Global
	GlobalSection(SolutionConfigurationPlatforms) = preSolution
		Debug|Win32 = Debug|Win32
		Debug|x64 = Debug|x64
		Release|Win32 = Release|Win32
		Release|x64 = Release|x64
	EndGlobalSection
	GlobalSection(ProjectConfigurationPlatforms) = postSolution
		{AB06688D-2117-491B-AE08-47594DB57673}.Debug|Win32.ActiveCfg = Debug|Win32
		{AB06688D-2117-491B-AE08-47594DB57673}.Debug|Win32.Build.0 = Debug|Win32
		{AB06688D-2117-491B-AE08-47594DB57673}.Debug|x64.ActiveCfg = Debug|x64
		{AB06688D-2117-491B-AE08-47594DB57673}.Debug|x64.Build.0 = Debug|x64
		{AB06688D-2117-491B-AE08-47594DB57673}.Release|Win32.ActiveCfg = Release|Win32
		{AB06688D-2117-491B-AE08-47594DB57673}.Release|Win32.Build.0 = Release|Win32
		{AB06688D-2117-491B-AE08-47594DB57673}.Release|x64.ActiveCfg = Release|x64
		{AB06688D-2117-491B-AE08-47594DB57673}.Release|x64.Build.0 = Release|x64
		{CFD5F1AC-C9C2-4516-A5B4-97CA8F959205}.Debug|Win32.ActiveCfg = Debug|Win32
		{CFD5F1AC-C9C2-4516-A5B4-97CA8F959205}.Debug|Win32.Build.0 = Debug|Win32
		{CFD5F1AC-C9C2-4516-A5B4-97CA8F959205}.Debug|x64.ActiveCfg = Debug|x64
		{CFD5F1AC-C9C2-4516-A5B4-97CA8F959205}.Debug|x64.Build.0 = Debug|x64
		{CFD5F1AC-C9C2-4516-A5B4-97CA8F959205}.Release|Win32.ActiveCfg = Release|Win32
		{CFD5F1AC-C9C2-4516-A5B4-97CA8F959205}.Release|Win32.Build.0 = Release|Win32
		{CFD5F1AC-C9C2-4516-A5B4-97CA8F959205}.Release|x64.ActiveCfg = Release|x64
		{CFD5F1AC-C9C2-4516-A5B4-97CA8F959205}.Release|x64.Build.0 = Release|x64
		{9FF83AFE-000B-4648-B0EC-4D1D246D16D3}.Debug|Win32.ActiveCfg = Debug|Win32
		{9FF83AFE-000B-4648-B0EC-4D1D246D16D3}.Debug|Win32.Build.0 = Debug|Win32
		{9FF83AFE-000B-4648-B0EC-4D1D246D16D3}.Debug|x64.ActiveCfg = Debug|x64
		{9FF83AFE-000B-4648-B0EC-4D1D246D16D3}.Debug|x64.Build.0 = Debug|x64
		{9FF83AFE-000B-4648-B0EC-4D1D246D16D3}.Release|Win32.ActiveCfg = Release|Win32
		{9FF83AFE-000B-4648-B0EC-4D1D246D16D3}.Release|Win32.Build.0 = Release|Win32
		{9FF83AFE-000B-4648-B0EC-4D1D246D16D3}.Release|x64.ActiveCfg = Release|x64
		{9FF83AFE-000B-4648-B0EC-4D1D246D16D3}.Release|x64.Build.0 = Release|x64
		{4BA920B0-7185-4E0D-BFB1-7FF872EFE7DF}.Debug|Win32.ActiveCfg = Debug|Win32
		{4BA920B0-7185-4E0D-BFB1-7FF872EFE7DF}.Debug|Win32.Build.0 = Debug|Win32
		{4BA920B0-7185-4E0D-BFB1-7FF872EFE7DF}.Debug|x64.ActiveCfg = Debug|x64
		{4BA920B0-7185-4E0D-BFB1-7FF872EFE7DF}.Debug|x64.Build.0 = Debug|x64
		{4BA920B0-7185-4E0D-BFB1-7FF872EFE7DF}.Release|Win32.ActiveCfg = Release|Win32
		{4BA920B0-7185-4E0D-BFB1-7FF872EFE7DF}.Release|Win32.Build.0 = Release|Win32
		{4BA920B0-7185-4E0D-BFB1-7FF872EFE7DF}.Release|x64.ActiveCfg = Release|x64
		{4BA920B0-7185-4E0D-BFB1-7FF872EFE7DF}.Release|x64.Build.0 = Release|x64
		{D618AAC8-1E81-4066-B40C-6876D2E41825}.Debug|Win32.ActiveCfg = Debug|Win32
		{D618AAC8-1E81-4066-B40C-6876D2E41825}.Debug|Win32.Build.0 = Debug|Win32
		{D618AAC8-1E81-4066-B40C-6876D2E41825}.Debug|x64.ActiveCfg = Debug|x64
		{D618AAC8-1E81-4066-B40C-6876D2E41825}.Debug|x64.Build.0 = Debug|x64
		{D618AAC8-1E81-4066-B40C-6876D2E41825}.Release|Win32.ActiveCfg = Release|Win32
		{D618AAC8-1E81-4066-B40C-6876D2E41825}.Release|Win32.Build.0 = Release|Win32
		{D618AAC8-1E81-4066-B40C-6876D2E41825}.Release|x64.ActiveCfg = Release|x64
		{D618AAC8-1E81-4066-B40C-6876D2E41825}.Release|x64.Build.0 = Release|x64
		{DC9D61B7-2938-4604-8815-ED823CC211D0}.Debug|Win32.ActiveCfg = Debug|Win32
		{DC9D61B7-2938-4604-8815-ED823CC211D0}.Debug|Win32.Build.0 = Debug|Win32
		{DC9D61B7-2938-4604-8815-ED823CC211D0}.Debug|x64.ActiveCfg = Debug|x64
		{DC9D61B7-2938-4604-8815-ED823CC211D0}.Debug|x64.Build.0 = Debug|x64
		{DC9D61B7-2938-4604-8815-ED823CC211D0}.Release|Win32.ActiveCfg = Release|Win32
		{DC9D61B7-2938-4604-8815-ED823CC211D0}.Release|Win32.Build.0 = Release|Win32
		{DC9D61B7-2938-4604-8815-ED823CC211D0}.Release|x64.ActiveCfg = Release|x64
		{DC9D61B7-2938-4604-8815-ED823CC211D0}.Release|x64.Build.0 = Release|x64
		{D328982A-0E74-4D62-A39B-1A4645660A79}.Debug|Win32.ActiveCfg = Debug|Win32
		{D328982A-0E74-4D62-A39B-1A4645660A79}.Debug|Win32.Build.0 = Debug|Win32
		{D328982A-0E74-4D62-A39B-1A4645660A79}.Debug|x64.ActiveCfg = Debug|x64
		{D328982A-0E74-4D62-A39B-1A4645660A79}.Debug|x64.Build.0 = Debug|x64
		{D328982A-0E74-4D62-A39B-1A4645660A79}.Release|Win32.ActiveCfg = Release|Win32
		{D328982A-0E74-4D62-A39B-1A4645660A79}.Release|Win32.Build.0 = Release|Win32
		{D328982A-0E74-4D62-A39B-1A4645660A79}.Release|x64.ActiveCfg = Release|x64
		{D328982A-0E74-4D62-A39B-1A4645660A79}.Release|x64.Build.0 = Release|x64
		{B272CBA7-7332-4138-BE61-3B8FA1DE1AFD}.Debug|Win32.ActiveCfg = Debug|Win32
		{B272CBA7-7332-4138-BE61-3B8FA1DE1AFD}.Debug|Win32.Build.0 = Debug|Win32
		{B272CBA7-7332-4138-BE61-3B8FA1DE1AFD}.Debug|x64.ActiveCfg = Debug|x64
		{B272CBA7-7332-4138-BE61-3B8FA1DE1AFD}.Debug|x64.Build.0 = Debug|x64
		{B272CBA7-7332-4138-BE61-3B8FA1DE1AFD}.Release|Win32.ActiveCfg = Release|Win32
		{B272CBA7-7332-4138-BE61-3B8FA1DE1AFD}.Release|Win32.Build.0 = Release|Win32
		{B272CBA7-7332-4138-BE61-3B8FA1DE1AFD}.Release|x64.ActiveCfg = Release|x64
		{B272CBA7-7332-4138-BE61-3B8FA1DE1AFD}.Release|x64.Build.0 = Release|x64
		{A0FC7526-E4D5-4EE9-A837-67A8CFF31B1E}.Debug|Win32.ActiveCfg = Debug|Win32
		{A0FC7526-E4D5-4EE9-A837-67A8CFF31B1E}.Debug|Win32.Build.0 = Debug|Win32
		{A0FC7526-E4D5-4EE9-A837-67A8CFF31B1E}.Debug|x64.ActiveCfg = Debug|x64
		{A0FC7526-E4D5-4EE9-A837-67A8CFF31B1E}.Debug|x64.Build.0 = Debug|x64
		{A0FC7526-E4D5-4EE9-A837-67A8CFF31B1E}.Release|Win32.ActiveCfg = Release|Win32
		{A0FC7526-E4D5-4EE9-A837-67A8CFF31B1E}.Release|Win32.Build.0 = Release|Win32
		{A0FC7526-E4D5-4EE9-A837-67A8CFF31B1E}.Release|x64.ActiveCfg = Release|x64
		{A0FC7526-E4D5-4EE9-A837-67A8CFF31B1E}.Release|x64.Build.0 = Release|x64
		{25A6370A-D39A-4C14-BD7D-07935F14264D}.Debug|Win32.ActiveCfg = Debug|Win32
		{25A6370A-D39A-4C14-BD7D-07935F14264D}.Debug|Win32.Build.0 = Debug|Win32
		{25A6370A-D39A-4C14-BD7D-07935F14264D}.Debug|x64.ActiveCfg = Debug|x64
		{25A6370A-D39A-4C14-BD7D-07935F14264D}.Debug|x64.Build.0 = Debug|x64
		{25A6370A-D39A-4C14-BD7D-07935F14264D}.Release|Win32.ActiveCfg = Release|Win32
		{25A6370A-D39A-4C14-BD7D-07935F14264D}.Release|Win32.Build.0 = Release|Win32
		{25A6370A-D39A-4C14-BD7D-07935F14264D}.Release|x64.ActiveCfg = Release|x64
		{25A6370A-D39A-4C14-BD7D-07935F14264D}.Release|x64.Build.0 = Release|x64
		{3166A579-CD69-4E27-80EE-00B1EE600120}.Debug|Win32.ActiveCfg = Debug|Win32
		{3166A579-CD69-4E27-80EE-00B1EE600120}.Debug|Win32.Build.0 = Debug|Win32
		{3166A579-CD69-4E27-80EE-00B1EE600120}.Debug|x64.ActiveCfg = Debug|x64
		{3166A579-CD69-4E27-80EE-00B1EE600120}.Debug|x64.Build.0 = Debug|x64
		{3166A579-CD69-4E27-80EE-00B1EE600120}.Release|Win32.ActiveCfg = Release|Win32
		{3166A579-CD69-4E27-80EE-00B1EE600120}.Release|Win32.Build.0 = Release|Win32
		{3166A579-CD69-4E27-80EE-00B1EE600120}.Release|x64.ActiveCfg = Release|x64
		{3166A579-CD69-4E27-80EE-00B1EE600120}.Release|x64.Build.0 = Release|x64
		{A38D45BD-32CF-441E-B790-411F0103F7C2}.Debug|Win32.ActiveCfg = Debug|Win32
		{A38D45BD-32CF-441E-B790-411F0103F7C2}.Debug|Win32.Build.0 = Debug|Win32
		{A38D45BD-32CF-441E-B790-411F0103F7C2}.Debug|x64.ActiveCfg = Debug|x64
		{A38D45BD-32CF-441E-B790-411F0103F7C2}.Debug|x64.Build.0 = Debug|x64
		{A38D45BD-32CF-441E-B790-411F0103F7C2}.Release|Win32.ActiveCfg = Release|Win32
		{A38D45BD-32CF-441E-B790-411F0103F7C2}.Release|Win32.Build.0 = Release|Win32
		{A38D45BD-32CF-441E-B790-411F0103F7C2}.Release|x64.ActiveCfg = Release|x64
		{A38D45BD-32CF-441E-B790-411F0103F7C2}.Release|x64.Build.0 = Release|x64
		{BC0AE8C6-1456-47E0-B4F0-3EF28422E88F}.Debug|Win32.ActiveCfg = Debug|Win32
		{BC0AE8C6-1456-47E0-B4F0-3EF28422E88F}.Debug|Win32.Build.0 = Debug|Win32
		{BC0AE8C6-1456-47E0-B4F0-3EF28422E88F}.Debug|x64.ActiveCfg = Debug|x64
		{BC0AE8C6-1456-47E0-B4F0-3EF28422E88F}.Debug|x64.Build.0 = Debug|x64
		{BC0AE8C6-1456-47E0-B4F0-3EF28422E88F}.Release|Win32.ActiveCfg = Release|Win32
		{BC0AE8C6-1456-47E0-B4F0-3EF28422E88F}.Release|Win32.Build.0 = Release|Win32
		{BC0AE8C6-1456-47E0-B4F0-3EF28422E88F}.Release|x64.ActiveCfg = Release|x64
		{BC0AE8C6-1456-47E0-B4F0-3EF28422E88F}.Release|x64.Build.0 = Release|x64
		{3D36C628-E0AA-4D6D-A337-7C11041D463D}.Debug|Win32.ActiveCfg = Debug|Win32
		{3D36C628-E0AA-4D6D-A337-7C11041D463D}.Debug|Win32.Build.0 = Debug|Win32
		{3D36C628-E0AA-4D6D-A337-7C11041D463D}.Debug|x64.ActiveCfg = Debug|x64
		{3D36C628-E0AA-4D6D-A337-7C11041D463D}.Debug|x64.Build.0 = Debug|x64
		{3D36C628-E0AA-4D6D-A337-7C11041D463D}.Release|Win32.ActiveCfg = Release|Win32
		{3D36C628-E0AA-4D6D-A337-7C11041D463D}.Release|Win32.Build.0 = Release|Win32
		{3D36C628-E0AA-4D6D-A337-7C11041D463D}.Release|x64.ActiveCfg = Release|x64
		{3D36C628-E0AA-4D6D-A337-7C11041D463D}.Release|x64.Build.0 = Release|x64
		{619C3868-5839-49C1-9D72-38A796FCC20C}.Debug|Win32.ActiveCfg = Debug|Win32
		{619C3868-5839-49C1-9D72-38A796FCC20C}.Debug|Win32.Build.0 = Debug|Win32
		{619C3868-5839-49C1-9D72-38A796FCC20C}.Debug|x64.ActiveCfg = Debug|x64
		{619C3868-5839-49C1-9D72-38A796FCC20C}.Debug|x64.Build.0 = Debug|x64
		{619C3868-5839-49C1-9D72-38A796FCC20C}.Release|Win32.ActiveCfg = Release|Win32
		{619C3868-5839-49C1-9D72-38A796FCC20C}.Release|Win32.Build.0 = Release|Win32
		{619C3868-5839-49C1-9D72-38A796FCC20C}.Release|x64.ActiveCfg = Release|x64
		{619C3868-5839-49C1-9D72-38A796FCC20C}.Release|x64.Build.0 = Release|x64
		{2F44CEDC-DA0A-41E3-88E0-EB8CE5386FE6}.Debug|Win32.ActiveCfg = Debug|Win32
		{2F44CEDC-DA0A-41E3-88E0-EB8CE5386FE6}.Debug|Win32.Build.0 = Debug|Win32
		{2F44CEDC-DA0A-41E3-88E0-EB8CE5386FE6}.Debug|x64.ActiveCfg = Debug|x64
		{2F44CEDC-DA0A-41E3-88E0-EB8CE5386FE6}.Debug|x64.Build.0 = Debug|x64
		{2F44CEDC-DA0A-41E3-88E0-EB8CE5386FE6}.Release|Win32.ActiveCfg = Release|Win32
		{2F44CEDC-DA0A-41E3-88E0-EB8CE5386FE6}.Release|Win32.Build.0 = Release|Win32
		{2F44CEDC-DA0A-41E3-88E0-EB8CE5386FE6}.Release|x64.ActiveCfg = Release|x64
		{2F44CEDC-DA0A-41E3-88E0-EB8CE5386FE6}.Release|x64.Build.0 = Release|x64
		{C3C8233A-6CC9-49A7-B11D-97866C7DCD72}.Debug|Win32.ActiveCfg = Debug|Win32
		{C3C8233A-6CC9-49A7-B11D-97866C7DCD72}.Debug|Win32.Build.0 = Debug|Win32
		{C3C8233A-6CC9-49A7-B11D-97866C7DCD72}.Debug|x64.ActiveCfg = Debug|x64
		{C3C8233A-6CC9-49A7-B11D-97866C7DCD72}.Debug|x64.Build.0 = Debug|x64
		{C3C8233A-6CC9-49A7-B11D-97866C7DCD72}.Release|Win32.ActiveCfg = Release|Win32
		{C3C8233A-6CC9-49A7-B11D-97866C7DCD72}.Release|Win32.Build.0 = Release|Win32
		{C3C8233A-6CC9-49A7-B11D-97866C7DCD72}.Release|x64.ActiveCfg = Release|x64
		{C3C8233A-6CC9-49A7-B11D-97866C7DCD72}.Release|x64.Build.0 = Release|x64
		{060EA4C3-18B0-4AC8-ACA5-F51D32F4EE0D}.Debug|Win32.ActiveCfg = Debug|Win32
		{060EA4C3-18B0-4AC8-ACA5-F51D32F4EE0D}.Debug|Win32.Build.0 = Debug|Win32
		{060EA4C3-18B0-4AC8-ACA5-F51D32F4EE0D}.Debug|x64.ActiveCfg = Debug|x64
		{060EA4C3-18B0-4AC8-ACA5-F51D32F4EE0D}.Debug|x64.Build.0 = Debug|x64
		{060EA4C3-18B0-4AC8-ACA5-F51D32F4EE0D}.Release|Win32.ActiveCfg = Release|Win32
		{060EA4C3-18B0-4AC8-ACA5-F51D32F4EE0D}.Release|Win32.Build.0 = Release|Win32
		{060EA4C3-18B0-4AC8-ACA5-F51D32F4EE0D}.Release|x64.ActiveCfg = Release|x64
		{060EA4C3-18B0-4AC8-ACA5-F51D32F4EE0D}.Release|x64.Build.0 = Release|x64
	EndGlobalSection
	GlobalSection(SolutionProperties) = preSolution
		HideSolutionNode = FALSE
	EndGlobalSection
EndGlobal
