Microsoft Visual Studio Solution File, Format Version 8.00
Project("{8BC9CEB8-8B4A-11D0-8D11-00A0C91BC942}") = "DirectGraphicsSample2", "DirectGraphicsSample2.vcproj", "{CE102055-EB0B-4795-8F85-F3ED21FD0409}"
	ProjectSection(ProjectDependencies) = postProject
	EndProjectSection
EndProject
Global
	GlobalSection(SolutionConfiguration) = preSolution
		Debug = Debug
		Release = Release
	EndGlobalSection
	GlobalSection(ProjectConfiguration) = postSolution
		{CE102055-EB0B-4795-8F85-F3ED21FD0409}.Debug.ActiveCfg = Debug|Win32
		{CE102055-EB0B-4795-8F85-F3ED21FD0409}.Debug.Build.0 = Debug|Win32
		{CE102055-EB0B-4795-8F85-F3ED21FD0409}.Release.ActiveCfg = Release|Win32
		{CE102055-EB0B-4795-8F85-F3ED21FD0409}.Release.Build.0 = Release|Win32
	EndGlobalSection
	GlobalSection(ExtensibilityGlobals) = postSolution
	EndGlobalSection
	GlobalSection(ExtensibilityAddIns) = postSolution
	EndGlobalSection
EndGlobal
